
Microsoft Visual Studio Solution File, Format Version 12.00
# Visual Studio Version 17
VisualStudioVersion = 17.8.34408.163
MinimumVisualStudioVersion = 10.0.40219.1
Project("{FAE04EC0-301F-11D3-BF4B-00C04F79EFBC}") = "PollingApp.Server", "PollingApp.Server\PollingApp.Server.csproj", "{7A5D4C6B-7B4E-4AB2-9C78-2AD5F6327659}"
EndProject
Project("{54A90642-561A-4BB1-A94E-469ADEE60C69}") = "pollingapp.client", "pollingapp.client\pollingapp.client.esproj", "{3354239E-3CF3-4EDD-8F5E-FA8046B52166}"
EndProject
Global
	GlobalSection(SolutionConfigurationPlatforms) = preSolution
		Debug|Any CPU = Debug|Any CPU
		Release|Any CPU = Release|Any CPU
	EndGlobalSection
	GlobalSection(ProjectConfigurationPlatforms) = postSolution
		{7A5D4C6B-7B4E-4AB2-9C78-2AD5F6327659}.Debug|Any CPU.ActiveCfg = Debug|Any CPU
		{7A5D4C6B-7B4E-4AB2-9C78-2AD5F6327659}.Debug|Any CPU.Build.0 = Debug|Any CPU
		{7A5D4C6B-7B4E-4AB2-9C78-2AD5F6327659}.Release|Any CPU.ActiveCfg = Release|Any CPU
		{7A5D4C6B-7B4E-4AB2-9C78-2AD5F6327659}.Release|Any CPU.Build.0 = Release|Any CPU
		{3354239E-3CF3-4EDD-8F5E-FA8046B52166}.Debug|Any CPU.ActiveCfg = Debug|Any CPU
		{3354239E-3CF3-4EDD-8F5E-FA8046B52166}.Debug|Any CPU.Build.0 = Debug|Any CPU
		{3354239E-3CF3-4EDD-8F5E-FA8046B52166}.Debug|Any CPU.Deploy.0 = Debug|Any CPU
		{3354239E-3CF3-4EDD-8F5E-FA8046B52166}.Release|Any CPU.ActiveCfg = Release|Any CPU
		{3354239E-3CF3-4EDD-8F5E-FA8046B52166}.Release|Any CPU.Build.0 = Release|Any CPU
		{3354239E-3CF3-4EDD-8F5E-FA8046B52166}.Release|Any CPU.Deploy.0 = Release|Any CPU
	EndGlobalSection
	GlobalSection(SolutionProperties) = preSolution
		HideSolutionNode = FALSE
	EndGlobalSection
	GlobalSection(ExtensibilityGlobals) = postSolution
		SolutionGuid = {2C140E8B-F015-4B0E-8A3C-884095E7922A}
	EndGlobalSection
EndGlobal
